{
	"requires": true,
	"lockfileVersion": 1,
	"dependencies": {
		"@vue/devtools-api": {
			"version": "6.0.0-beta.19",
			"resolved": "https://registry.npmmirror.com/@vue/devtools-api/download/@vue/devtools-api-6.0.0-beta.19.tgz?cache=0&sync_timestamp=1633376469341&other_urls=https%3A%2F%2Fregistry.npmmirror.com%2F%40vue%2Fdevtools-api%2Fdownload%2F%40vue%2Fdevtools-api-6.0.0-beta.19.tgz",
			"integrity": "sha1-+OiAWdqkJFFZkkJqDH6lzeB+mb8="
		},
		"vuex": {
			"version": "3.6.2",
			"resolved": "https://registry.nlark.com/vuex/download/vuex-3.6.2.tgz?cache=0&sync_timestamp=1623945218026&other_urls=https%3A%2F%2Fregistry.nlark.com%2Fvuex%2Fdownload%2Fvuex-3.6.2.tgz",
			"integrity": "sha1-I2vAhqhww655lG8QfxbeWdWJXnE="
		}
	}
}
